
Microsoft Visual Studio Solution File, Format Version 12.00
# Visual Studio Version 16
VisualStudioVersion = 16.0.31702.278
MinimumVisualStudioVersion = 10.0.40219.1
Project("{FAE04EC0-301F-11D3-BF4B-00C04F79EFBC}") = "Amiratest", "Amiratest.csproj", "{658554F7-DB8A-4C29-A41C-4387C2779806}"
EndProject
Global
	GlobalSection(SolutionConfigurationPlatforms) = preSolution
		Debug|Any CPU = Debug|Any CPU
		Release|Any CPU = Release|Any CPU
	EndGlobalSection
	GlobalSection(ProjectConfigurationPlatforms) = postSolution
		{658554F7-DB8A-4C29-A41C-4387C2779806}.Debug|Any CPU.ActiveCfg = Debug|Any CPU
		{658554F7-DB8A-4C29-A41C-4387C2779806}.Debug|Any CPU.Build.0 = Debug|Any CPU
		{658554F7-DB8A-4C29-A41C-4387C2779806}.Release|Any CPU.ActiveCfg = Release|Any CPU
		{658554F7-DB8A-4C29-A41C-4387C2779806}.Release|Any CPU.Build.0 = Release|Any CPU
	EndGlobalSection
	GlobalSection(SolutionProperties) = preSolution
		HideSolutionNode = FALSE
	EndGlobalSection
	GlobalSection(ExtensibilityGlobals) = postSolution
		SolutionGuid = {641C43D4-1B4D-4ECE-B066-B3E772EB5594}
	EndGlobalSection
EndGlobal
